<?xml version="1.0" encoding="utf-8"?>
<Project ToolsVersion="4.0" xmlns="http://schemas.microsoft.com/developer/msbuild/2003">
  <ItemGroup>
    <Filter Include="win32">
      <UniqueIdentifier>{84a8ebd7-7cf0-47f6-b75e-d441df67da40}</UniqueIdentifier>
    </Filter>
    <Filter Include="resource">
      <UniqueIdentifier>{715254bc-d70b-4ec5-bf29-467dd3ace079}</UniqueIdentifier>
    </Filter>
    <Filter Include="src">
      <UniqueIdentifier>{bb6c862e-70e9-49d9-81b7-3829a6f50471}</UniqueIdentifier>
    </Filter>
    <Filter Include="NameInfo">
      <UniqueIdentifier>{47aae85d-ca7a-42dc-876b-4b20829e6cf6}</UniqueIdentifier>
    </Filter>
    <Filter Include="DrawMap">
      <UniqueIdentifier>{efe53c31-d9db-4d65-8242-700c462d4479}</UniqueIdentifier>
    </Filter>
  </ItemGroup>
  <ItemGroup>
    <ClCompile Include="main.cpp">
      <Filter>win32</Filter>
    </ClCompile>
    <ClCompile Include="..\Classes\LayerGame.cpp">
      <Filter>src</Filter>
    </ClCompile>
    <ClCompile Include="..\Classes\LayerUI.cpp">
      <Filter>src</Filter>
    </ClCompile>
    <ClCompile Include="..\Classes\player.cpp">
      <Filter>src</Filter>
    </ClCompile>
    <ClCompile Include="..\Classes\Room.cpp">
      <Filter>src</Filter>
    </ClCompile>
    <ClCompile Include="..\Classes\UIManager.cpp">
      <Filter>src</Filter>
    </ClCompile>
    <ClCompile Include="..\Classes\AppDelegate.cpp">
      <Filter>src</Filter>
    </ClCompile>
    <ClCompile Include="..\Classes\Button_Ui.cpp">
      <Filter>src</Filter>
    </ClCompile>
    <ClCompile Include="..\Classes\GameScene.cpp">
      <Filter>src</Filter>
    </ClCompile>
    <ClCompile Include="..\Classes\Joystick.cpp">
      <Filter>src</Filter>
    </ClCompile>
    <ClCompile Include="Item.cpp" />
    <ClCompile Include="LevelDataSet.cpp" />
    <ClCompile Include="Furniture.cpp">
      <Filter>NameInfo</Filter>
    </ClCompile>
    <ClCompile Include="RandomWall.cpp">
      <Filter>NameInfo</Filter>
    </ClCompile>
    <ClCompile Include="RandomDeco.cpp">
      <Filter>NameInfo</Filter>
    </ClCompile>
    <ClCompile Include="DrawField.cpp">
      <Filter>DrawMap</Filter>
    </ClCompile>
    <ClCompile Include="DrawFurniture.cpp">
      <Filter>DrawMap</Filter>
    </ClCompile>
    <ClCompile Include="DrawStruct.cpp">
      <Filter>DrawMap</Filter>
    </ClCompile>
    <ClCompile Include="DrawDeco.cpp">
      <Filter>DrawMap</Filter>
    </ClCompile>
  </ItemGroup>
  <ItemGroup>
    <ClInclude Include="main.h">
      <Filter>win32</Filter>
    </ClInclude>
    <ClInclude Include="..\Classes\Joystick.h">
      <Filter>src</Filter>
    </ClInclude>
    <ClInclude Include="..\Classes\LayerGame.h">
      <Filter>src</Filter>
    </ClInclude>
    <ClInclude Include="..\Classes\LayerUI.h">
      <Filter>src</Filter>
    </ClInclude>
    <ClInclude Include="..\Classes\player.h">
      <Filter>src</Filter>
    </ClInclude>
    <ClInclude Include="..\Classes\Room.h">
      <Filter>src</Filter>
    </ClInclude>
    <ClInclude Include="..\Classes\UIManager.h">
      <Filter>src</Filter>
    </ClInclude>
    <ClInclude Include="..\Classes\AppDelegate.h">
      <Filter>src</Filter>
    </ClInclude>
    <ClInclude Include="..\Classes\Button_Ui.h">
      <Filter>src</Filter>
    </ClInclude>
    <ClInclude Include="..\Classes\GameScene.h">
      <Filter>src</Filter>
    </ClInclude>
    <ClInclude Include="Enum_collection.h" />
    <ClInclude Include="Item.h" />
    <ClInclude Include="LevelDataSet.h" />
    <ClInclude Include="Furniture.h">
      <Filter>NameInfo</Filter>
    </ClInclude>
    <ClInclude Include="RandomWall.h">
      <Filter>NameInfo</Filter>
    </ClInclude>
    <ClInclude Include="RandomDeco.h">
      <Filter>NameInfo</Filter>
    </ClInclude>
    <ClInclude Include="DrawField.h">
      <Filter>DrawMap</Filter>
    </ClInclude>
    <ClInclude Include="DrawFurniture.h">
      <Filter>DrawMap</Filter>
    </ClInclude>
    <ClInclude Include="DrawStruct.h">
      <Filter>DrawMap</Filter>
    </ClInclude>
    <ClInclude Include="DrawDeco.h">
      <Filter>DrawMap</Filter>
    </ClInclude>
  </ItemGroup>
  <ItemGroup>
    <ResourceCompile Include="game.rc">
      <Filter>resource</Filter>
    </ResourceCompile>
  </ItemGroup>
</Project>